// !$*UTF8*$!
{
	archiveVersion = 1;
	classes = {
	};
	objectVersion = 50;
	objects = {

/* Begin PBXBuildFile section */
		0B5581B1E7A094EAC0B4F582 /* Pods_WikiSearch.framework in Frameworks */ = {isa = PBXBuildFile; fileRef = 726AECE7AEEF24BE5227301A /* Pods_WikiSearch.framework */; };
		CDAFD2832128915C007D365C /* AppDelegate.swift in Sources */ = {isa = PBXBuildFile; fileRef = CDAFD2822128915C007D365C /* AppDelegate.swift */; };
		CDAFD2882128915C007D365C /* Main.storyboard in Resources */ = {isa = PBXBuildFile; fileRef = CDAFD2862128915C007D365C /* Main.storyboard */; };
		CDAFD28A2128915F007D365C /* Assets.xcassets in Resources */ = {isa = PBXBuildFile; fileRef = CDAFD2892128915F007D365C /* Assets.xcassets */; };
		CDAFD28D2128915F007D365C /* LaunchScreen.storyboard in Resources */ = {isa = PBXBuildFile; fileRef = CDAFD28B2128915F007D365C /* LaunchScreen.storyboard */; };
		CDAFD29521289387007D365C /* SearchViewController.swift in Sources */ = {isa = PBXBuildFile; fileRef = CDAFD29421289387007D365C /* SearchViewController.swift */; };
		CDAFD298212894A1007D365C /* Colors.xcassets in Resources */ = {isa = PBXBuildFile; fileRef = CDAFD297212894A1007D365C /* Colors.xcassets */; };
		CDAFD29B21289A74007D365C /* APIConnector.swift in Sources */ = {isa = PBXBuildFile; fileRef = CDAFD29A21289A74007D365C /* APIConnector.swift */; };
		CDAFD29E21289A9C007D365C /* RequestHandler.swift in Sources */ = {isa = PBXBuildFile; fileRef = CDAFD29D21289A9C007D365C /* RequestHandler.swift */; };
		CDAFD2A021289CB6007D365C /* APIUrls.swift in Sources */ = {isa = PBXBuildFile; fileRef = CDAFD29F21289CB6007D365C /* APIUrls.swift */; };
		CDAFD2A4212979F9007D365C /* SearchListTableViewCell.swift in Sources */ = {isa = PBXBuildFile; fileRef = CDAFD2A2212979F9007D365C /* SearchListTableViewCell.swift */; };
		CDAFD2A5212979F9007D365C /* SearchListTableViewCell.xib in Resources */ = {isa = PBXBuildFile; fileRef = CDAFD2A3212979F9007D365C /* SearchListTableViewCell.xib */; };
		CDAFD2A921297B26007D365C /* Extensions.swift in Sources */ = {isa = PBXBuildFile; fileRef = CDAFD2A821297B26007D365C /* Extensions.swift */; };
		CDAFD2AB21297B47007D365C /* Utilities.swift in Sources */ = {isa = PBXBuildFile; fileRef = CDAFD2AA21297B47007D365C /* Utilities.swift */; };
		CDAFD2AD21297BD4007D365C /* WikiSearchObject.swift in Sources */ = {isa = PBXBuildFile; fileRef = CDAFD2AC21297BD4007D365C /* WikiSearchObject.swift */; };
		CDAFD2B021298D7C007D365C /* WebViewController.swift in Sources */ = {isa = PBXBuildFile; fileRef = CDAFD2AF21298D7C007D365C /* WebViewController.swift */; };
/* End PBXBuildFile section */

/* Begin PBXFileReference section */
		4148EC9AA99DA6C4A17CF843 /* Pods-WikiSearch.debug.xcconfig */ = {isa = PBXFileReference; includeInIndex = 1; lastKnownFileType = text.xcconfig; name = "Pods-WikiSearch.debug.xcconfig"; path = "Pods/Target Support Files/Pods-WikiSearch/Pods-WikiSearch.debug.xcconfig"; sourceTree = "<group>"; };
		5A0DE80735C2CAFD4D62C941 /* Pods-WikiSearch.release.xcconfig */ = {isa = PBXFileReference; includeInIndex = 1; lastKnownFileType = text.xcconfig; name = "Pods-WikiSearch.release.xcconfig"; path = "Pods/Target Support Files/Pods-WikiSearch/Pods-WikiSearch.release.xcconfig"; sourceTree = "<group>"; };
		726AECE7AEEF24BE5227301A /* Pods_WikiSearch.framework */ = {isa = PBXFileReference; explicitFileType = wrapper.framework; includeInIndex = 0; path = Pods_WikiSearch.framework; sourceTree = BUILT_PRODUCTS_DIR; };
		CDAFD27F2128915C007D365C /* WikiSearch.app */ = {isa = PBXFileReference; explicitFileType = wrapper.application; includeInIndex = 0; path = WikiSearch.app; sourceTree = BUILT_PRODUCTS_DIR; };
		CDAFD2822128915C007D365C /* AppDelegate.swift */ = {isa = PBXFileReference; lastKnownFileType = sourcecode.swift; path = AppDelegate.swift; sourceTree = "<group>"; };
		CDAFD2872128915C007D365C /* Base */ = {isa = PBXFileReference; lastKnownFileType = file.storyboard; name = Base; path = Base.lproj/Main.storyboard; sourceTree = "<group>"; };
		CDAFD2892128915F007D365C /* Assets.xcassets */ = {isa = PBXFileReference; lastKnownFileType = folder.assetcatalog; path = Assets.xcassets; sourceTree = "<group>"; };
		CDAFD28C2128915F007D365C /* Base */ = {isa = PBXFileReference; lastKnownFileType = file.storyboard; name = Base; path = Base.lproj/LaunchScreen.storyboard; sourceTree = "<group>"; };
		CDAFD28E2128915F007D365C /* Info.plist */ = {isa = PBXFileReference; lastKnownFileType = text.plist.xml; path = Info.plist; sourceTree = "<group>"; };
		CDAFD29421289387007D365C /* SearchViewController.swift */ = {isa = PBXFileReference; lastKnownFileType = sourcecode.swift; path = SearchViewController.swift; sourceTree = "<group>"; };
		CDAFD297212894A1007D365C /* Colors.xcassets */ = {isa = PBXFileReference; lastKnownFileType = folder.assetcatalog; path = Colors.xcassets; sourceTree = "<group>"; };
		CDAFD29A21289A74007D365C /* APIConnector.swift */ = {isa = PBXFileReference; lastKnownFileType = sourcecode.swift; path = APIConnector.swift; sourceTree = "<group>"; };
		CDAFD29D21289A9C007D365C /* RequestHandler.swift */ = {isa = PBXFileReference; lastKnownFileType = sourcecode.swift; path = RequestHandler.swift; sourceTree = "<group>"; };
		CDAFD29F21289CB6007D365C /* APIUrls.swift */ = {isa = PBXFileReference; lastKnownFileType = sourcecode.swift; path = APIUrls.swift; sourceTree = "<group>"; };
		CDAFD2A2212979F9007D365C /* SearchListTableViewCell.swift */ = {isa = PBXFileReference; lastKnownFileType = sourcecode.swift; path = SearchListTableViewCell.swift; sourceTree = "<group>"; };
		CDAFD2A3212979F9007D365C /* SearchListTableViewCell.xib */ = {isa = PBXFileReference; lastKnownFileType = file.xib; path = SearchListTableViewCell.xib; sourceTree = "<group>"; };
		CDAFD2A821297B26007D365C /* Extensions.swift */ = {isa = PBXFileReference; lastKnownFileType = sourcecode.swift; path = Extensions.swift; sourceTree = "<group>"; };
		CDAFD2AA21297B47007D365C /* Utilities.swift */ = {isa = PBXFileReference; lastKnownFileType = sourcecode.swift; path = Utilities.swift; sourceTree = "<group>"; };
		CDAFD2AC21297BD4007D365C /* WikiSearchObject.swift */ = {isa = PBXFileReference; lastKnownFileType = sourcecode.swift; path = WikiSearchObject.swift; sourceTree = "<group>"; };
		CDAFD2AF21298D7C007D365C /* WebViewController.swift */ = {isa = PBXFileReference; lastKnownFileType = sourcecode.swift; path = WebViewController.swift; sourceTree = "<group>"; };
/* End PBXFileReference section */

/* Begin PBXFrameworksBuildPhase section */
		CDAFD27C2128915C007D365C /* Frameworks */ = {
			isa = PBXFrameworksBuildPhase;
			buildActionMask = 2147483647;
			files = (
				0B5581B1E7A094EAC0B4F582 /* Pods_WikiSearch.framework in Frameworks */,
			);
			runOnlyForDeploymentPostprocessing = 0;
		};
/* End PBXFrameworksBuildPhase section */

/* Begin PBXGroup section */
		0D536B5422E18E38D9528CB7 /* Pods */ = {
			isa = PBXGroup;
			children = (
				4148EC9AA99DA6C4A17CF843 /* Pods-WikiSearch.debug.xcconfig */,
				5A0DE80735C2CAFD4D62C941 /* Pods-WikiSearch.release.xcconfig */,
			);
			name = Pods;
			sourceTree = "<group>";
		};
		A3590EFE07D5934804721691 /* Frameworks */ = {
			isa = PBXGroup;
			children = (
				726AECE7AEEF24BE5227301A /* Pods_WikiSearch.framework */,
			);
			name = Frameworks;
			sourceTree = "<group>";
		};
		CDAFD2762128915C007D365C = {
			isa = PBXGroup;
			children = (
				CDAFD2812128915C007D365C /* WikiSearch */,
				CDAFD2802128915C007D365C /* Products */,
				0D536B5422E18E38D9528CB7 /* Pods */,
				A3590EFE07D5934804721691 /* Frameworks */,
			);
			sourceTree = "<group>";
		};
		CDAFD2802128915C007D365C /* Products */ = {
			isa = PBXGroup;
			children = (
				CDAFD27F2128915C007D365C /* WikiSearch.app */,
			);
			name = Products;
			sourceTree = "<group>";
		};
		CDAFD2812128915C007D365C /* WikiSearch */ = {
			isa = PBXGroup;
			children = (
				CDAFD2962128938C007D365C /* Controllers */,
				CDAFD29C21289A7A007D365C /* NetworkManager */,
				CDAFD2A6212979FD007D365C /* CustomReusableCells */,
				CDAFD2A121289CB9007D365C /* Constants */,
				CDAFD2AE21297BDD007D365C /* Model */,
				CDAFD29921289A49007D365C /* SupportingFiles */,
				CDAFD2822128915C007D365C /* AppDelegate.swift */,
				CDAFD28E2128915F007D365C /* Info.plist */,
			);
			path = WikiSearch;
			sourceTree = "<group>";
		};
		CDAFD2962128938C007D365C /* Controllers */ = {
			isa = PBXGroup;
			children = (
				CDAFD29421289387007D365C /* SearchViewController.swift */,
				CDAFD2AF21298D7C007D365C /* WebViewController.swift */,
			);
			path = Controllers;
			sourceTree = "<group>";
		};
		CDAFD29921289A49007D365C /* SupportingFiles */ = {
			isa = PBXGroup;
			children = (
				CDAFD2862128915C007D365C /* Main.storyboard */,
				CDAFD2892128915F007D365C /* Assets.xcassets */,
				CDAFD297212894A1007D365C /* Colors.xcassets */,
				CDAFD28B2128915F007D365C /* LaunchScreen.storyboard */,
				CDAFD2A821297B26007D365C /* Extensions.swift */,
				CDAFD2AA21297B47007D365C /* Utilities.swift */,
			);
			path = SupportingFiles;
			sourceTree = "<group>";
		};
		CDAFD29C21289A7A007D365C /* NetworkManager */ = {
			isa = PBXGroup;
			children = (
				CDAFD29A21289A74007D365C /* APIConnector.swift */,
				CDAFD29D21289A9C007D365C /* RequestHandler.swift */,
			);
			path = NetworkManager;
			sourceTree = "<group>";
		};
		CDAFD2A121289CB9007D365C /* Constants */ = {
			isa = PBXGroup;
			children = (
				CDAFD29F21289CB6007D365C /* APIUrls.swift */,
			);
			path = Constants;
			sourceTree = "<group>";
		};
		CDAFD2A6212979FD007D365C /* CustomReusableCells */ = {
			isa = PBXGroup;
			children = (
				CDAFD2A721297A0E007D365C /* SearchListTableViewCell */,
			);
			path = CustomReusableCells;
			sourceTree = "<group>";
		};
		CDAFD2A721297A0E007D365C /* SearchListTableViewCell */ = {
			isa = PBXGroup;
			children = (
				CDAFD2A2212979F9007D365C /* SearchListTableViewCell.swift */,
				CDAFD2A3212979F9007D365C /* SearchListTableViewCell.xib */,
			);
			path = SearchListTableViewCell;
			sourceTree = "<group>";
		};
		CDAFD2AE21297BDD007D365C /* Model */ = {
			isa = PBXGroup;
			children = (
				CDAFD2AC21297BD4007D365C /* WikiSearchObject.swift */,
			);
			path = Model;
			sourceTree = "<group>";
		};
/* End PBXGroup section */

/* Begin PBXNativeTarget section */
		CDAFD27E2128915C007D365C /* WikiSearch */ = {
			isa = PBXNativeTarget;
			buildConfigurationList = CDAFD2912128915F007D365C /* Build configuration list for PBXNativeTarget "WikiSearch" */;
			buildPhases = (
				7E4B87195940D200AFFD069F /* [CP] Check Pods Manifest.lock */,
				CDAFD27B2128915C007D365C /* Sources */,
				CDAFD27C2128915C007D365C /* Frameworks */,
				CDAFD27D2128915C007D365C /* Resources */,
				8027E2C7432B6A0FBC392172 /* [CP] Embed Pods Frameworks */,
			);
			buildRules = (
			);
			dependencies = (
			);
			name = WikiSearch;
			productName = WikiSearch;
			productReference = CDAFD27F2128915C007D365C /* WikiSearch.app */;
			productType = "com.apple.product-type.application";
		};
/* End PBXNativeTarget section */

/* Begin PBXProject section */
		CDAFD2772128915C007D365C /* Project object */ = {
			isa = PBXProject;
			attributes = {
				LastSwiftUpdateCheck = 0940;
				LastUpgradeCheck = 0940;
				ORGANIZATIONNAME = "Darshan K S";
				TargetAttributes = {
					CDAFD27E2128915C007D365C = {
						CreatedOnToolsVersion = 9.4.1;
					};
				};
			};
			buildConfigurationList = CDAFD27A2128915C007D365C /* Build configuration list for PBXProject "WikiSearch" */;
			compatibilityVersion = "Xcode 9.3";
			developmentRegion = en;
			hasScannedForEncodings = 0;
			knownRegions = (
				en,
				Base,
			);
			mainGroup = CDAFD2762128915C007D365C;
			productRefGroup = CDAFD2802128915C007D365C /* Products */;
			projectDirPath = "";
			projectRoot = "";
			targets = (
				CDAFD27E2128915C007D365C /* WikiSearch */,
			);
		};
/* End PBXProject section */

/* Begin PBXResourcesBuildPhase section */
		CDAFD27D2128915C007D365C /* Resources */ = {
			isa = PBXResourcesBuildPhase;
			buildActionMask = 2147483647;
			files = (
				CDAFD2A5212979F9007D365C /* SearchListTableViewCell.xib in Resources */,
				CDAFD28D2128915F007D365C /* LaunchScreen.storyboard in Resources */,
				CDAFD298212894A1007D365C /* Colors.xcassets in Resources */,
				CDAFD28A2128915F007D365C /* Assets.xcassets in Resources */,
				CDAFD2882128915C007D365C /* Main.storyboard in Resources */,
			);
			runOnlyForDeploymentPostprocessing = 0;
		};
/* End PBXResourcesBuildPhase section */

/* Begin PBXShellScriptBuildPhase section */
		7E4B87195940D200AFFD069F /* [CP] Check Pods Manifest.lock */ = {
			isa = PBXShellScriptBuildPhase;
			buildActionMask = 2147483647;
			files = (
			);
			inputPaths = (
				"${PODS_PODFILE_DIR_PATH}/Podfile.lock",
				"${PODS_ROOT}/Manifest.lock",
			);
			name = "[CP] Check Pods Manifest.lock";
			outputPaths = (
				"$(DERIVED_FILE_DIR)/Pods-WikiSearch-checkManifestLockResult.txt",
			);
			runOnlyForDeploymentPostprocessing = 0;
			shellPath = /bin/sh;
			shellScript = "diff \"${PODS_PODFILE_DIR_PATH}/Podfile.lock\" \"${PODS_ROOT}/Manifest.lock\" > /dev/null\nif [ $? != 0 ] ; then\n    # print error to STDERR\n    echo \"error: The sandbox is not in sync with the Podfile.lock. Run 'pod install' or update your CocoaPods installation.\" >&2\n    exit 1\nfi\n# This output is used by Xcode 'outputs' to avoid re-running this script phase.\necho \"SUCCESS\" > \"${SCRIPT_OUTPUT_FILE_0}\"\n";
			showEnvVarsInLog = 0;
		};
		8027E2C7432B6A0FBC392172 /* [CP] Embed Pods Frameworks */ = {
			isa = PBXShellScriptBuildPhase;
			buildActionMask = 2147483647;
			files = (
			);
			inputPaths = (
				"${SRCROOT}/Pods/Target Support Files/Pods-WikiSearch/Pods-WikiSearch-frameworks.sh",
				"${BUILT_PRODUCTS_DIR}/Alamofire/Alamofire.framework",
			);
			name = "[CP] Embed Pods Frameworks";
			outputPaths = (
				"${TARGET_BUILD_DIR}/${FRAMEWORKS_FOLDER_PATH}/Alamofire.framework",
			);
			runOnlyForDeploymentPostprocessing = 0;
			shellPath = /bin/sh;
			shellScript = "\"${SRCROOT}/Pods/Target Support Files/Pods-WikiSearch/Pods-WikiSearch-frameworks.sh\"\n";
			showEnvVarsInLog = 0;
		};
/* End PBXShellScriptBuildPhase section */

/* Begin PBXSourcesBuildPhase section */
		CDAFD27B2128915C007D365C /* Sources */ = {
			isa = PBXSourcesBuildPhase;
			buildActionMask = 2147483647;
			files = (
				CDAFD29B21289A74007D365C /* APIConnector.swift in Sources */,
				CDAFD2AD21297BD4007D365C /* WikiSearchObject.swift in Sources */,
				CDAFD2A021289CB6007D365C /* APIUrls.swift in Sources */,
				CDAFD2B021298D7C007D365C /* WebViewController.swift in Sources */,
				CDAFD29521289387007D365C /* SearchViewController.swift in Sources */,
				CDAFD2A4212979F9007D365C /* SearchListTableViewCell.swift in Sources */,
				CDAFD29E21289A9C007D365C /* RequestHandler.swift in Sources */,
				CDAFD2832128915C007D365C /* AppDelegate.swift in Sources */,
				CDAFD2AB21297B47007D365C /* Utilities.swift in Sources */,
				CDAFD2A921297B26007D365C /* Extensions.swift in Sources */,
			);
			runOnlyForDeploymentPostprocessing = 0;
		};
/* End PBXSourcesBuildPhase section */

/* Begin PBXVariantGroup section */
		CDAFD2862128915C007D365C /* Main.storyboard */ = {
			isa = PBXVariantGroup;
			children = (
				CDAFD2872128915C007D365C /* Base */,
			);
			name = Main.storyboard;
			sourceTree = "<group>";
		};
		CDAFD28B2128915F007D365C /* LaunchScreen.storyboard */ = {
			isa = PBXVariantGroup;
			children = (
				CDAFD28C2128915F007D365C /* Base */,
			);
			name = LaunchScreen.storyboard;
			sourceTree = "<group>";
		};
/* End PBXVariantGroup section */

/* Begin XCBuildConfiguration section */
		CDAFD28F2128915F007D365C /* Debug */ = {
			isa = XCBuildConfiguration;
			buildSettings = {
				ALWAYS_SEARCH_USER_PATHS = NO;
				CLANG_ANALYZER_NONNULL = YES;
				CLANG_ANALYZER_NUMBER_OBJECT_CONVERSION = YES_AGGRESSIVE;
				CLANG_CXX_LANGUAGE_STANDARD = "gnu++14";
				CLANG_CXX_LIBRARY = "libc++";
				CLANG_ENABLE_MODULES = YES;
				CLANG_ENABLE_OBJC_ARC = YES;
				CLANG_ENABLE_OBJC_WEAK = YES;
				CLANG_WARN_BLOCK_CAPTURE_AUTORELEASING = YES;
				CLANG_WARN_BOOL_CONVERSION = YES;
				CLANG_WARN_COMMA = YES;
				CLANG_WARN_CONSTANT_CONVERSION = YES;
				CLANG_WARN_DEPRECATED_OBJC_IMPLEMENTATIONS = YES;
				CLANG_WARN_DIRECT_OBJC_ISA_USAGE = YES_ERROR;
				CLANG_WARN_DOCUMENTATION_COMMENTS = YES;
				CLANG_WARN_EMPTY_BODY = YES;
				CLANG_WARN_ENUM_CONVERSION = YES;
				CLANG_WARN_INFINITE_RECURSION = YES;
				CLANG_WARN_INT_CONVERSION = YES;
				CLANG_WARN_NON_LITERAL_NULL_CONVERSION = YES;
				CLANG_WARN_OBJC_IMPLICIT_RETAIN_SELF = YES;
				CLANG_WARN_OBJC_LITERAL_CONVERSION = YES;
				CLANG_WARN_OBJC_ROOT_CLASS = YES_ERROR;
				CLANG_WARN_RANGE_LOOP_ANALYSIS = YES;
				CLANG_WARN_STRICT_PROTOTYPES = YES;
				CLANG_WARN_SUSPICIOUS_MOVE = YES;
				CLANG_WARN_UNGUARDED_AVAILABILITY = YES_AGGRESSIVE;
				CLANG_WARN_UNREACHABLE_CODE = YES;
				CLANG_WARN__DUPLICATE_METHOD_MATCH = YES;
				CODE_SIGN_IDENTITY = "iPhone Developer";
				COPY_PHASE_STRIP = NO;
				DEBUG_INFORMATION_FORMAT = dwarf;
				ENABLE_STRICT_OBJC_MSGSEND = YES;
				ENABLE_TESTABILITY = YES;
				GCC_C_LANGUAGE_STANDARD = gnu11;
				GCC_DYNAMIC_NO_PIC = NO;
				GCC_NO_COMMON_BLOCKS = YES;
				GCC_OPTIMIZATION_LEVEL = 0;
				GCC_PREPROCESSOR_DEFINITIONS = (
					"DEBUG=1",
					"$(inherited)",
				);
				GCC_WARN_64_TO_32_BIT_CONVERSION = YES;
				GCC_WARN_ABOUT_RETURN_TYPE = YES_ERROR;
				GCC_WARN_UNDECLARED_SELECTOR = YES;
				GCC_WARN_UNINITIALIZED_AUTOS = YES_AGGRESSIVE;
				GCC_WARN_UNUSED_FUNCTION = YES;
				GCC_WARN_UNUSED_VARIABLE = YES;
				IPHONEOS_DEPLOYMENT_TARGET = 11.4;
				MTL_ENABLE_DEBUG_INFO = YES;
				ONLY_ACTIVE_ARCH = YES;
				SDKROOT = iphoneos;
				SWIFT_ACTIVE_COMPILATION_CONDITIONS = DEBUG;
				SWIFT_OPTIMIZATION_LEVEL = "-Onone";
			};
			name = Debug;
		};
		CDAFD2902128915F007D365C /* Release */ = {
			isa = XCBuildConfiguration;
			buildSettings = {
				ALWAYS_SEARCH_USER_PATHS = NO;
				CLANG_ANALYZER_NONNULL = YES;
				CLANG_ANALYZER_NUMBER_OBJECT_CONVERSION = YES_AGGRESSIVE;
				CLANG_CXX_LANGUAGE_STANDARD = "gnu++14";
				CLANG_CXX_LIBRARY = "libc++";
				CLANG_ENABLE_MODULES = YES;
				CLANG_ENABLE_OBJC_ARC = YES;
				CLANG_ENABLE_OBJC_WEAK = YES;
				CLANG_WARN_BLOCK_CAPTURE_AUTORELEASING = YES;
				CLANG_WARN_BOOL_CONVERSION = YES;
				CLANG_WARN_COMMA = YES;
				CLANG_WARN_CONSTANT_CONVERSION = YES;
				CLANG_WARN_DEPRECATED_OBJC_IMPLEMENTATIONS = YES;
				CLANG_WARN_DIRECT_OBJC_ISA_USAGE = YES_ERROR;
				CLANG_WARN_DOCUMENTATION_COMMENTS = YES;
				CLANG_WARN_EMPTY_BODY = YES;
				CLANG_WARN_ENUM_CONVERSION = YES;
				CLANG_WARN_INFINITE_RECURSION = YES;
				CLANG_WARN_INT_CONVERSION = YES;
				CLANG_WARN_NON_LITERAL_NULL_CONVERSION = YES;
				CLANG_WARN_OBJC_IMPLICIT_RETAIN_SELF = YES;
				CLANG_WARN_OBJC_LITERAL_CONVERSION = YES;
				CLANG_WARN_OBJC_ROOT_CLASS = YES_ERROR;
				CLANG_WARN_RANGE_LOOP_ANALYSIS = YES;
				CLANG_WARN_STRICT_PROTOTYPES = YES;
				CLANG_WARN_SUSPICIOUS_MOVE = YES;
				CLANG_WARN_UNGUARDED_AVAILABILITY = YES_AGGRESSIVE;
				CLANG_WARN_UNREACHABLE_CODE = YES;
				CLANG_WARN__DUPLICATE_METHOD_MATCH = YES;
				CODE_SIGN_IDENTITY = "iPhone Developer";
				COPY_PHASE_STRIP = NO;
				DEBUG_INFORMATION_FORMAT = "dwarf-with-dsym";
				ENABLE_NS_ASSERTIONS = NO;
				ENABLE_STRICT_OBJC_MSGSEND = YES;
				GCC_C_LANGUAGE_STANDARD = gnu11;
				GCC_NO_COMMON_BLOCKS = YES;
				GCC_WARN_64_TO_32_BIT_CONVERSION = YES;
				GCC_WARN_ABOUT_RETURN_TYPE = YES_ERROR;
				GCC_WARN_UNDECLARED_SELECTOR = YES;
				GCC_WARN_UNINITIALIZED_AUTOS = YES_AGGRESSIVE;
				GCC_WARN_UNUSED_FUNCTION = YES;
				GCC_WARN_UNUSED_VARIABLE = YES;
				IPHONEOS_DEPLOYMENT_TARGET = 11.4;
				MTL_ENABLE_DEBUG_INFO = NO;
				SDKROOT = iphoneos;
				SWIFT_COMPILATION_MODE = wholemodule;
				SWIFT_OPTIMIZATION_LEVEL = "-O";
				VALIDATE_PRODUCT = YES;
			};
			name = Release;
		};
		CDAFD2922128915F007D365C /* Debug */ = {
			isa = XCBuildConfiguration;
			baseConfigurationReference = 4148EC9AA99DA6C4A17CF843 /* Pods-WikiSearch.debug.xcconfig */;
			buildSettings = {
				ASSETCATALOG_COMPILER_APPICON_NAME = AppIcon;
				CODE_SIGN_STYLE = Automatic;
				DEVELOPMENT_TEAM = 85798AGXB2;
				INFOPLIST_FILE = WikiSearch/Info.plist;
				LD_RUNPATH_SEARCH_PATHS = (
					"$(inherited)",
					"@executable_path/Frameworks",
				);
				PRODUCT_BUNDLE_IDENTIFIER = com.personal.WikiSearch;
				PRODUCT_NAME = "$(TARGET_NAME)";
				SWIFT_VERSION = 4.0;
				TARGETED_DEVICE_FAMILY = "1,2";
			};
			name = Debug;
		};
		CDAFD2932128915F007D365C /* Release */ = {
			isa = XCBuildConfiguration;
			baseConfigurationReference = 5A0DE80735C2CAFD4D62C941 /* Pods-WikiSearch.release.xcconfig */;
			buildSettings = {
				ASSETCATALOG_COMPILER_APPICON_NAME = AppIcon;
				CODE_SIGN_STYLE = Automatic;
				DEVELOPMENT_TEAM = 85798AGXB2;
				INFOPLIST_FILE = WikiSearch/Info.plist;
				LD_RUNPATH_SEARCH_PATHS = (
					"$(inherited)",
					"@executable_path/Frameworks",
				);
				PRODUCT_BUNDLE_IDENTIFIER = com.personal.WikiSearch;
				PRODUCT_NAME = "$(TARGET_NAME)";
				SWIFT_VERSION = 4.0;
				TARGETED_DEVICE_FAMILY = "1,2";
			};
			name = Release;
		};
/* End XCBuildConfiguration section */

/* Begin XCConfigurationList section */
		CDAFD27A2128915C007D365C /* Build configuration list for PBXProject "WikiSearch" */ = {
			isa = XCConfigurationList;
			buildConfigurations = (
				CDAFD28F2128915F007D365C /* Debug */,
				CDAFD2902128915F007D365C /* Release */,
			);
			defaultConfigurationIsVisible = 0;
			defaultConfigurationName = Release;
		};
		CDAFD2912128915F007D365C /* Build configuration list for PBXNativeTarget "WikiSearch" */ = {
			isa = XCConfigurationList;
			buildConfigurations = (
				CDAFD2922128915F007D365C /* Debug */,
				CDAFD2932128915F007D365C /* Release */,
			);
			defaultConfigurationIsVisible = 0;
			defaultConfigurationName = Release;
		};
/* End XCConfigurationList section */
	};
	rootObject = CDAFD2772128915C007D365C /* Project object */;
}
